
Microsoft Visual Studio Solution File, Format Version 12.00
# Visual Studio Version 16
VisualStudioVersion = 16.0.31025.194
MinimumVisualStudioVersion = 10.0.40219.1
Project("{FAE04EC0-301F-11D3-BF4B-00C04F79EFBC}") = "Server", "Server\Server.csproj", "{4CF468C5-4F37-4E3E-A447-1A0ADC0FCEE4}"
EndProject
Project("{FAE04EC0-301F-11D3-BF4B-00C04F79EFBC}") = "Client", "Client\Client.csproj", "{2D7676EF-BFDE-49FD-AEB1-14B005D40523}"
EndProject
Global
	GlobalSection(SolutionConfigurationPlatforms) = preSolution
		Debug|Any CPU = Debug|Any CPU
		Release|Any CPU = Release|Any CPU
	EndGlobalSection
	GlobalSection(ProjectConfigurationPlatforms) = postSolution
		{4CF468C5-4F37-4E3E-A447-1A0ADC0FCEE4}.Debug|Any CPU.ActiveCfg = Debug|Any CPU
		{4CF468C5-4F37-4E3E-A447-1A0ADC0FCEE4}.Debug|Any CPU.Build.0 = Debug|Any CPU
		{4CF468C5-4F37-4E3E-A447-1A0ADC0FCEE4}.Release|Any CPU.ActiveCfg = Release|Any CPU
		{4CF468C5-4F37-4E3E-A447-1A0ADC0FCEE4}.Release|Any CPU.Build.0 = Release|Any CPU
		{2D7676EF-BFDE-49FD-AEB1-14B005D40523}.Debug|Any CPU.ActiveCfg = Debug|Any CPU
		{2D7676EF-BFDE-49FD-AEB1-14B005D40523}.Debug|Any CPU.Build.0 = Debug|Any CPU
		{2D7676EF-BFDE-49FD-AEB1-14B005D40523}.Release|Any CPU.ActiveCfg = Release|Any CPU
		{2D7676EF-BFDE-49FD-AEB1-14B005D40523}.Release|Any CPU.Build.0 = Release|Any CPU
	EndGlobalSection
	GlobalSection(SolutionProperties) = preSolution
		HideSolutionNode = FALSE
	EndGlobalSection
	GlobalSection(ExtensibilityGlobals) = postSolution
		SolutionGuid = {F8E10D35-3154-4BE1-A545-354A92C1BDA3}
	EndGlobalSection
EndGlobal
